
Microsoft Visual Studio Solution File, Format Version 12.00
# Visual Studio Version 17
VisualStudioVersion = 17.8.34219.65
MinimumVisualStudioVersion = 10.0.40219.1
Project("{FAE04EC0-301F-11D3-BF4B-00C04F79EFBC}") = "stek_queue", "stek_queue\stek_queue.csproj", "{0E4AB3B7-C93C-4EBC-8F38-810513E30C68}"
EndProject
Project("{54435603-DBB4-11D2-8724-00A0C9A8B90C}") = "SetupLIFOFIFO", "SetupLIFOFIFO\SetupLIFOFIFO.vdproj", "{F892C8E5-6C53-4331-8E3A-2BCFBC841266}"
EndProject
Project("{FAE04EC0-301F-11D3-BF4B-00C04F79EFBC}") = "lib", "lib\lib.csproj", "{EF085072-91CA-4F2C-BAAD-3A8EA49ACB0F}"
EndProject
Global
	GlobalSection(SolutionConfigurationPlatforms) = preSolution
		Debug|Any CPU = Debug|Any CPU
		Release|Any CPU = Release|Any CPU
	EndGlobalSection
	GlobalSection(ProjectConfigurationPlatforms) = postSolution
		{0E4AB3B7-C93C-4EBC-8F38-810513E30C68}.Debug|Any CPU.ActiveCfg = Debug|Any CPU
		{0E4AB3B7-C93C-4EBC-8F38-810513E30C68}.Debug|Any CPU.Build.0 = Debug|Any CPU
		{0E4AB3B7-C93C-4EBC-8F38-810513E30C68}.Release|Any CPU.ActiveCfg = Release|Any CPU
		{0E4AB3B7-C93C-4EBC-8F38-810513E30C68}.Release|Any CPU.Build.0 = Release|Any CPU
		{F892C8E5-6C53-4331-8E3A-2BCFBC841266}.Debug|Any CPU.ActiveCfg = Debug
		{F892C8E5-6C53-4331-8E3A-2BCFBC841266}.Release|Any CPU.ActiveCfg = Release
		{F892C8E5-6C53-4331-8E3A-2BCFBC841266}.Release|Any CPU.Build.0 = Release
		{EF085072-91CA-4F2C-BAAD-3A8EA49ACB0F}.Debug|Any CPU.ActiveCfg = Debug|Any CPU
		{EF085072-91CA-4F2C-BAAD-3A8EA49ACB0F}.Debug|Any CPU.Build.0 = Debug|Any CPU
		{EF085072-91CA-4F2C-BAAD-3A8EA49ACB0F}.Release|Any CPU.ActiveCfg = Release|Any CPU
		{EF085072-91CA-4F2C-BAAD-3A8EA49ACB0F}.Release|Any CPU.Build.0 = Release|Any CPU
	EndGlobalSection
	GlobalSection(SolutionProperties) = preSolution
		HideSolutionNode = FALSE
	EndGlobalSection
	GlobalSection(ExtensibilityGlobals) = postSolution
		SolutionGuid = {5CAB11D2-F666-41CB-A095-C045AF64A791}
	EndGlobalSection
EndGlobal
